
Microsoft Visual Studio Solution File, Format Version 12.00
# Visual Studio 15
VisualStudioVersion = 15.0.28307.329
MinimumVisualStudioVersion = 10.0.40219.1
Project("{FAE04EC0-301F-11D3-BF4B-00C04F79EFBC}") = "WebApplication1", "WebApplication1\WebApplication1.csproj", "{B3FBA99C-DA0F-4914-8A3F-A499620E6D65}"
EndProject
Project("{FAE04EC0-301F-11D3-BF4B-00C04F79EFBC}") = "WebApplicationControls", "WebApplicationControls\WebApplicationControls.csproj", "{3E1CD318-4081-43E6-8EFB-25C96530B5F7}"
EndProject
Global
	GlobalSection(SolutionConfigurationPlatforms) = preSolution
		Debug|Any CPU = Debug|Any CPU
		Release|Any CPU = Release|Any CPU
	EndGlobalSection
	GlobalSection(ProjectConfigurationPlatforms) = postSolution
		{B3FBA99C-DA0F-4914-8A3F-A499620E6D65}.Debug|Any CPU.ActiveCfg = Debug|Any CPU
		{B3FBA99C-DA0F-4914-8A3F-A499620E6D65}.Debug|Any CPU.Build.0 = Debug|Any CPU
		{B3FBA99C-DA0F-4914-8A3F-A499620E6D65}.Release|Any CPU.ActiveCfg = Release|Any CPU
		{B3FBA99C-DA0F-4914-8A3F-A499620E6D65}.Release|Any CPU.Build.0 = Release|Any CPU
		{3E1CD318-4081-43E6-8EFB-25C96530B5F7}.Debug|Any CPU.ActiveCfg = Debug|Any CPU
		{3E1CD318-4081-43E6-8EFB-25C96530B5F7}.Debug|Any CPU.Build.0 = Debug|Any CPU
		{3E1CD318-4081-43E6-8EFB-25C96530B5F7}.Release|Any CPU.ActiveCfg = Release|Any CPU
		{3E1CD318-4081-43E6-8EFB-25C96530B5F7}.Release|Any CPU.Build.0 = Release|Any CPU
	EndGlobalSection
	GlobalSection(SolutionProperties) = preSolution
		HideSolutionNode = FALSE
	EndGlobalSection
	GlobalSection(ExtensibilityGlobals) = postSolution
		SolutionGuid = {62852793-468F-482E-815B-57B883FE9585}
	EndGlobalSection
EndGlobal
